# This file is autogenerated, do not edit; changes may be undone by the next 'dep ensure'.


[[projects]]
  name = "github.com/Microsoft/go-winio"
  packages = ["."]
  revision = "ce2922f643c8fd76b46cadc7f404a06282678b34"

[[projects]]
  name = "github.com/Sirupsen/logrus"
  packages = ["."]
  revision = "3ec0642a7fb6488f65b06f9040adc67e3990296a"

[[projects]]
  branch = "master"
  name = "github.com/aws/aws-sdk-go"
  packages = ["aws","aws/awserr","aws/awsutil","aws/client","aws/client/metadata","aws/corehandlers","aws/credentials","aws/credentials/ec2rolecreds","aws/credentials/endpointcreds","aws/credentials/stscreds","aws/defaults","aws/ec2metadata","aws/endpoints","aws/request","aws/session","aws/signer/v4","private/protocol","private/protocol/json/jsonutil","private/protocol/jsonrpc","private/protocol/query","private/protocol/query/queryutil","private/protocol/rest","private/protocol/xml/xmlutil","service/ecr","service/ecr/ecriface","service/sts"]
  revision = "fed27f4bd16c8c63d01003b978e5bc85fe727519"

[[projects]]
  branch = "master"
  name = "github.com/boltdb/bolt"
  packages = ["."]
  revision = "0d9f544bb94aac29c185968483459ef74d6deb5d"

[[projects]]
  name = "github.com/containerd/containerd"
  packages = [".","api/services/containers/v1","api/services/content/v1","api/services/diff/v1","api/services/events/v1","api/services/images/v1","api/services/namespaces/v1","api/services/snapshot/v1","api/services/tasks/v1","api/services/version/v1","api/types/descriptor","api/types/event","api/types/mount","api/types/task","containers","content","events","images","log","metadata","mount","namespaces","plugin","reference","remotes","remotes/docker","remotes/docker/schema1","rootfs","services/content","services/diff","services/images","services/snapshot","snapshot"]
  revision = "c4da4ed3932fbe8e35f43d6495731c56e9e1052c"

[[projects]]
  branch = "master"
  name = "github.com/containerd/fifo"
  packages = ["."]
  revision = "69b99525e472735860a5269b75af1970142b3062"

[[projects]]
  name = "github.com/davecgh/go-spew"
  packages = ["spew"]
  revision = "6d212800a42e8ab5c146b8ace3490ee17e5225f9"

[[projects]]
  branch = "master"
  name = "github.com/docker/go-events"
  packages = ["."]
  revision = "aa2e3b613fbbfdddbe055a7b9e3ce271cfd83eca"

[[projects]]
  name = "github.com/go-ini/ini"
  packages = ["."]
  revision = "060d7da055ba6ec5ea7a31f116332fe5efa04ce0"

[[projects]]
  branch = "master"
  name = "github.com/gogo/protobuf"
  packages = ["gogoproto","proto","protoc-gen-gogo/descriptor","sortkeys","types"]
  revision = "70d0d0c9d3f673c850388c410e27ebb77ee21578"

[[projects]]
  branch = "master"
  name = "github.com/golang/protobuf"
  packages = ["proto","ptypes/any","ptypes/empty"]
  revision = "e325f446bebc2998605911c0a2650d9920361d4a"

[[projects]]
  name = "github.com/jmespath/go-jmespath"
  packages = ["."]
  revision = "3433f3ea46d9f8019119e7dd41274e112a2359a9"
  version = "0.2.2"

[[projects]]
  branch = "master"
  name = "github.com/opencontainers/go-digest"
  packages = ["."]
  revision = "279bed98673dd5bef374d3b6e4b09e2af76183bf"

[[projects]]
  branch = "master"
  name = "github.com/opencontainers/image-spec"
  packages = ["identity","specs-go","specs-go/v1"]
  revision = "df6f3c57dafbbf39d98c24fa6ab509183cfa3efc"

[[projects]]
  name = "github.com/opencontainers/runtime-spec"
  packages = ["specs-go"]
  revision = "035da1dca3dfbb00d752eb58b0b158d6129f3776"
  version = "v1.0.0-rc5"

[[projects]]
  branch = "master"
  name = "github.com/pkg/errors"
  packages = ["."]
  revision = "c605e284fe17294bda444b34710735b29d1a9d90"

[[projects]]
  name = "github.com/pmezard/go-difflib"
  packages = ["difflib"]
  revision = "792786c7400a136282c1664665ae0a8db921c6c2"

[[projects]]
  branch = "master"
  name = "github.com/stretchr/testify"
  packages = ["assert"]
  revision = "976c720a22c8eb4eb6a0b4348ad85ad12491a506"

[[projects]]
  branch = "master"
  name = "golang.org/x/net"
  packages = ["context","context/ctxhttp","http2","http2/hpack","idna","internal/timeseries","lex/httplex","trace"]
  revision = "ddf80d0970594e2e4cccf5a98861cad3d9eaa4cd"

[[projects]]
  branch = "master"
  name = "golang.org/x/sync"
  packages = ["errgroup"]
  revision = "f52d1811a62927559de87708c8913c1650ce4f26"

[[projects]]
  name = "golang.org/x/sys"
  packages = ["unix","windows"]
  revision = "62bee037599929a6e9146f29d10dd5208c43507d"

[[projects]]
  branch = "master"
  name = "golang.org/x/text"
  packages = ["internal/gen","internal/triegen","internal/ucd","secure/bidirule","transform","unicode/bidi","unicode/cldr","unicode/norm","unicode/rangetable"]
  revision = "3491b61b9edc56653ad4333e605e2908e46a036b"

[[projects]]
  branch = "master"
  name = "google.golang.org/genproto"
  packages = ["googleapis/rpc/status"]
  revision = "aa2eb687b4d3e17154372564ad8d6bf11c3cf21f"

[[projects]]
  branch = "master"
  name = "google.golang.org/grpc"
  packages = [".","codes","credentials","grpclb/grpc_lb_v1","grpclog","health/grpc_health_v1","internal","keepalive","metadata","naming","peer","stats","status","tap","transport"]
  revision = "c6b96641801f2f7fd8085f01bff103564d84bb57"

[solve-meta]
  analyzer-name = "dep"
  analyzer-version = 1
  inputs-digest = "2677790afbfe3cc8671e35892291786d4ae4448eecaa9cb4a9f49a3b50bb98c0"
  solver-name = "gps-cdcl"
  solver-version = 1
