# This file is autogenerated, do not edit; changes may be undone by the next 'dep ensure'.


[[projects]]
  name = "github.com/Microsoft/go-winio"
  packages = ["."]
  revision = "7da180ee92d8bd8bb8c37fc560e673e6557c392f"
  version = "v0.4.7"

[[projects]]
  branch = "master"
  name = "github.com/aws/aws-sdk-go"
  packages = [
    "aws",
    "aws/arn",
    "aws/awserr",
    "aws/awsutil",
    "aws/client",
    "aws/client/metadata",
    "aws/corehandlers",
    "aws/credentials",
    "aws/credentials/ec2rolecreds",
    "aws/credentials/endpointcreds",
    "aws/credentials/stscreds",
    "aws/defaults",
    "aws/ec2metadata",
    "aws/endpoints",
    "aws/request",
    "aws/session",
    "aws/signer/v4",
    "internal/sdkrand",
    "internal/shareddefaults",
    "private/protocol",
    "private/protocol/json/jsonutil",
    "private/protocol/jsonrpc",
    "private/protocol/query",
    "private/protocol/query/queryutil",
    "private/protocol/rest",
    "private/protocol/xml/xmlutil",
    "service/ecr",
    "service/ecr/ecriface",
    "service/sts"
  ]
  revision = "99e4f37f2b87e2fd934346c6423a0fad945fa69a"

[[projects]]
  branch = "master"
  name = "github.com/containerd/console"
  packages = ["."]
  revision = "cb7008ab3d8359b78c5f464cb7cf160107ad5925"

[[projects]]
  name = "github.com/containerd/containerd"
  packages = [
    ".",
    "api/services/containers/v1",
    "api/services/content/v1",
    "api/services/diff/v1",
    "api/services/events/v1",
    "api/services/images/v1",
    "api/services/introspection/v1",
    "api/services/leases/v1",
    "api/services/namespaces/v1",
    "api/services/snapshots/v1",
    "api/services/tasks/v1",
    "api/services/version/v1",
    "api/types",
    "api/types/task",
    "cio",
    "containers",
    "content",
    "dialer",
    "diff",
    "errdefs",
    "events",
    "events/exchange",
    "filters",
    "fs",
    "identifiers",
    "images",
    "leases",
    "linux/runctypes",
    "log",
    "mount",
    "namespaces",
    "oci",
    "platforms",
    "plugin",
    "progress",
    "protobuf/google/rpc",
    "reference",
    "remotes",
    "remotes/docker",
    "remotes/docker/schema1",
    "rootfs",
    "snapshots",
    "sys"
  ]
  revision = "cfd04396dc68220d1cecbe686a6cc3aa5ce3667c"
  version = "v1.0.2"

[[projects]]
  branch = "master"
  name = "github.com/containerd/continuity"
  packages = ["sysx"]
  revision = "d8fb8589b0e8e85b8c8bbaa8840226d0dfeb7371"

[[projects]]
  branch = "master"
  name = "github.com/containerd/fifo"
  packages = ["."]
  revision = "fbfb6a11ec671efbe94ad1c12c2e98773f19e1e6"

[[projects]]
  branch = "master"
  name = "github.com/containerd/typeurl"
  packages = ["."]
  revision = "f6943554a7e7e88b3c14aad190bf05932da84788"

[[projects]]
  name = "github.com/davecgh/go-spew"
  packages = ["spew"]
  revision = "346938d642f2ec3594ed81d874461961cd0faa76"
  version = "v1.1.0"

[[projects]]
  branch = "master"
  name = "github.com/docker/docker"
  packages = ["errdefs"]
  revision = "241c904e6f5fff020890a7641558e83a209c0bbd"

[[projects]]
  branch = "master"
  name = "github.com/docker/go-events"
  packages = ["."]
  revision = "9461782956ad83b30282bf90e31fa6a70c255ba9"

[[projects]]
  name = "github.com/docker/go-units"
  packages = ["."]
  revision = "0dadbb0345b35ec7ef35e228dabb8de89a65bf52"
  version = "v0.3.2"

[[projects]]
  name = "github.com/go-ini/ini"
  packages = ["."]
  revision = "32e4c1e6bc4e7d0d8451aa6b75200d19e37a536a"
  version = "v1.32.0"

[[projects]]
  name = "github.com/gogo/protobuf"
  packages = [
    "proto",
    "sortkeys",
    "types"
  ]
  revision = "1adfc126b41513cc696b209667c8656ea7aac67c"
  version = "v1.0.0"

[[projects]]
  name = "github.com/golang/protobuf"
  packages = [
    "proto",
    "ptypes",
    "ptypes/any",
    "ptypes/duration",
    "ptypes/timestamp"
  ]
  revision = "925541529c1fa6821df4e44ce2723319eb2be768"
  version = "v1.0.0"

[[projects]]
  name = "github.com/jmespath/go-jmespath"
  packages = ["."]
  revision = "0b12d6b5"

[[projects]]
  branch = "master"
  name = "github.com/opencontainers/go-digest"
  packages = ["."]
  revision = "c9281466c8b2f606084ac71339773efd177436e7"

[[projects]]
  branch = "master"
  name = "github.com/opencontainers/image-spec"
  packages = [
    "identity",
    "specs-go",
    "specs-go/v1"
  ]
  revision = "149252121d044fddff670adcdc67f33148e16226"

[[projects]]
  name = "github.com/opencontainers/runc"
  packages = [
    "libcontainer/system",
    "libcontainer/user"
  ]
  revision = "baf6536d6259209c3edfa2b22237af82942d3dfa"
  version = "v0.1.1"

[[projects]]
  name = "github.com/opencontainers/runtime-spec"
  packages = ["specs-go"]
  revision = "4e3b9264a330d094b0386c3703c5f379119711e8"
  version = "v1.0.1"

[[projects]]
  branch = "master"
  name = "github.com/pkg/errors"
  packages = ["."]
  revision = "30136e27e2ac8d167177e8a583aa4c3fea5be833"

[[projects]]
  name = "github.com/pmezard/go-difflib"
  packages = ["difflib"]
  revision = "792786c7400a136282c1664665ae0a8db921c6c2"
  version = "v1.0.0"

[[projects]]
  name = "github.com/sirupsen/logrus"
  packages = ["."]
  revision = "d682213848ed68c0a260ca37d6dd5ace8423f5ba"
  version = "v1.0.4"

[[projects]]
  branch = "master"
  name = "github.com/stretchr/testify"
  packages = ["assert"]
  revision = "b89eecf5ca5db6d3ba60b237ffe3df7bafb7662f"

[[projects]]
  branch = "master"
  name = "golang.org/x/crypto"
  packages = ["ssh/terminal"]
  revision = "91a49db82a88618983a78a06c1cbd4e00ab749ab"

[[projects]]
  branch = "master"
  name = "golang.org/x/net"
  packages = [
    "context",
    "context/ctxhttp",
    "http2",
    "http2/hpack",
    "idna",
    "internal/timeseries",
    "lex/httplex",
    "trace"
  ]
  revision = "22ae77b79946ea320088417e4d50825671d82d57"

[[projects]]
  branch = "master"
  name = "golang.org/x/sync"
  packages = ["errgroup"]
  revision = "fd80eb99c8f653c847d294a001bdf2a3a6f768f5"

[[projects]]
  branch = "master"
  name = "golang.org/x/sys"
  packages = [
    "unix",
    "windows"
  ]
  revision = "dd2ff4accc098aceecb86b36eaa7829b2a17b1c9"

[[projects]]
  name = "golang.org/x/text"
  packages = [
    "collate",
    "collate/build",
    "internal/colltab",
    "internal/gen",
    "internal/tag",
    "internal/triegen",
    "internal/ucd",
    "language",
    "secure/bidirule",
    "transform",
    "unicode/bidi",
    "unicode/cldr",
    "unicode/norm",
    "unicode/rangetable"
  ]
  revision = "f21a4dfb5e38f5895301dc265a8def02365cc3d0"
  version = "v0.3.0"

[[projects]]
  branch = "master"
  name = "google.golang.org/genproto"
  packages = ["googleapis/rpc/status"]
  revision = "2c5e7ac708aaa719366570dd82bda44541ca2a63"

[[projects]]
  name = "google.golang.org/grpc"
  packages = [
    ".",
    "balancer",
    "codes",
    "connectivity",
    "credentials",
    "grpclb/grpc_lb_v1/messages",
    "grpclog",
    "health/grpc_health_v1",
    "internal",
    "keepalive",
    "metadata",
    "naming",
    "peer",
    "resolver",
    "stats",
    "status",
    "tap",
    "transport"
  ]
  revision = "5ffe3083946d5603a0578721101dc8165b1d5b5f"

[solve-meta]
  analyzer-name = "dep"
  analyzer-version = 1
  inputs-digest = "77d6c2be368bf3c974c749f8fb43bd334c917046c4d24e1eb4abf4ec6c7d68bf"
  solver-name = "gps-cdcl"
  solver-version = 1
